
Microsoft Visual Studio Solution File, Format Version 12.00
# Visual Studio 14
VisualStudioVersion = 14.0.25420.1
MinimumVisualStudioVersion = 10.0.40219.1
Project("{FAE04EC0-301F-11D3-BF4B-00C04F79EFBC}") = "MixUp.WebApi", "MixUp.WebApi\MixUp.WebApi.csproj", "{411FE6D1-D1DE-45D3-AB75-1AC733B6C7D8}"
EndProject
Project("{FAE04EC0-301F-11D3-BF4B-00C04F79EFBC}") = "MixUp.Entities", "MixUp.Entities\MixUp.Entities.csproj", "{24C28BD6-0E9B-4F93-9EEF-035E455B4E3F}"
EndProject
Project("{FAE04EC0-301F-11D3-BF4B-00C04F79EFBC}") = "MixUp.DataAccess", "MixUp.Data\MixUp.DataAccess.csproj", "{6264E3FE-9F69-4995-B839-DD333968A306}"
EndProject
Global
	GlobalSection(SolutionConfigurationPlatforms) = preSolution
		Debug|Any CPU = Debug|Any CPU
		Release|Any CPU = Release|Any CPU
	EndGlobalSection
	GlobalSection(ProjectConfigurationPlatforms) = postSolution
		{411FE6D1-D1DE-45D3-AB75-1AC733B6C7D8}.Debug|Any CPU.ActiveCfg = Debug|Any CPU
		{411FE6D1-D1DE-45D3-AB75-1AC733B6C7D8}.Debug|Any CPU.Build.0 = Debug|Any CPU
		{411FE6D1-D1DE-45D3-AB75-1AC733B6C7D8}.Release|Any CPU.ActiveCfg = Release|Any CPU
		{411FE6D1-D1DE-45D3-AB75-1AC733B6C7D8}.Release|Any CPU.Build.0 = Release|Any CPU
		{24C28BD6-0E9B-4F93-9EEF-035E455B4E3F}.Debug|Any CPU.ActiveCfg = Debug|Any CPU
		{24C28BD6-0E9B-4F93-9EEF-035E455B4E3F}.Debug|Any CPU.Build.0 = Debug|Any CPU
		{24C28BD6-0E9B-4F93-9EEF-035E455B4E3F}.Release|Any CPU.ActiveCfg = Release|Any CPU
		{24C28BD6-0E9B-4F93-9EEF-035E455B4E3F}.Release|Any CPU.Build.0 = Release|Any CPU
		{6264E3FE-9F69-4995-B839-DD333968A306}.Debug|Any CPU.ActiveCfg = Debug|Any CPU
		{6264E3FE-9F69-4995-B839-DD333968A306}.Debug|Any CPU.Build.0 = Debug|Any CPU
		{6264E3FE-9F69-4995-B839-DD333968A306}.Release|Any CPU.ActiveCfg = Release|Any CPU
		{6264E3FE-9F69-4995-B839-DD333968A306}.Release|Any CPU.Build.0 = Release|Any CPU
	EndGlobalSection
	GlobalSection(SolutionProperties) = preSolution
		HideSolutionNode = FALSE
	EndGlobalSection
EndGlobal
